// !$*UTF8*$!
{
	archiveVersion = 1;
	classes = {
	};
	objectVersion = 46;
	objects = {

/* Begin PBXBuildFile section */
		82991EE61C90B1D40015F28B /* AppDelegate.swift in Sources */ = {isa = PBXBuildFile; fileRef = 82991EE51C90B1D40015F28B /* AppDelegate.swift */; };
		82991EE81C90B1D40015F28B /* ViewController.swift in Sources */ = {isa = PBXBuildFile; fileRef = 82991EE71C90B1D40015F28B /* ViewController.swift */; };
		82991EEB1C90B1D40015F28B /* Main.storyboard in Resources */ = {isa = PBXBuildFile; fileRef = 82991EE91C90B1D40015F28B /* Main.storyboard */; };
		82991EED1C90B1D40015F28B /* Assets.xcassets in Resources */ = {isa = PBXBuildFile; fileRef = 82991EEC1C90B1D40015F28B /* Assets.xcassets */; };
		82991EF01C90B1D40015F28B /* LaunchScreen.storyboard in Resources */ = {isa = PBXBuildFile; fileRef = 82991EEE1C90B1D40015F28B /* LaunchScreen.storyboard */; };
/* End PBXBuildFile section */

/* Begin PBXFileReference section */
		82991EE21C90B1D40015F28B /* PetAgeCaculator.app */ = {isa = PBXFileReference; explicitFileType = wrapper.application; includeInIndex = 0; path = PetAgeCaculator.app; sourceTree = BUILT_PRODUCTS_DIR; };
		82991EE51C90B1D40015F28B /* AppDelegate.swift */ = {isa = PBXFileReference; lastKnownFileType = sourcecode.swift; path = AppDelegate.swift; sourceTree = "<group>"; };
		82991EE71C90B1D40015F28B /* ViewController.swift */ = {isa = PBXFileReference; lastKnownFileType = sourcecode.swift; path = ViewController.swift; sourceTree = "<group>"; };
		82991EEA1C90B1D40015F28B /* Base */ = {isa = PBXFileReference; lastKnownFileType = file.storyboard; name = Base; path = Base.lproj/Main.storyboard; sourceTree = "<group>"; };
		82991EEC1C90B1D40015F28B /* Assets.xcassets */ = {isa = PBXFileReference; lastKnownFileType = folder.assetcatalog; path = Assets.xcassets; sourceTree = "<group>"; };
		82991EEF1C90B1D40015F28B /* Base */ = {isa = PBXFileReference; lastKnownFileType = file.storyboard; name = Base; path = Base.lproj/LaunchScreen.storyboard; sourceTree = "<group>"; };
		82991EF11C90B1D40015F28B /* Info.plist */ = {isa = PBXFileReference; lastKnownFileType = text.plist.xml; path = Info.plist; sourceTree = "<group>"; };
/* End PBXFileReference section */

/* Begin PBXFrameworksBuildPhase section */
		82991EDF1C90B1D40015F28B /* Frameworks */ = {
			isa = PBXFrameworksBuildPhase;
			buildActionMask = 2147483647;
			files = (
			);
			runOnlyForDeploymentPostprocessing = 0;
		};
/* End PBXFrameworksBuildPhase section */

/* Begin PBXGroup section */
		82991ED91C90B1D40015F28B = {
			isa = PBXGroup;
			children = (
				82991EE41C90B1D40015F28B /* PetAgeCaculator */,
				82991EE31C90B1D40015F28B /* Products */,
			);
			sourceTree = "<group>";
		};
		82991EE31C90B1D40015F28B /* Products */ = {
			isa = PBXGroup;
			children = (
				82991EE21C90B1D40015F28B /* PetAgeCaculator.app */,
			);
			name = Products;
			sourceTree = "<group>";
		};
		82991EE41C90B1D40015F28B /* PetAgeCaculator */ = {
			isa = PBXGroup;
			children = (
				82991EE51C90B1D40015F28B /* AppDelegate.swift */,
				82991EE71C90B1D40015F28B /* ViewController.swift */,
				82991EE91C90B1D40015F28B /* Main.storyboard */,
				82991EEC1C90B1D40015F28B /* Assets.xcassets */,
				82991EEE1C90B1D40015F28B /* LaunchScreen.storyboard */,
				82991EF11C90B1D40015F28B /* Info.plist */,
			);
			path = PetAgeCaculator;
			sourceTree = "<group>";
		};
/* End PBXGroup section */

/* Begin PBXNativeTarget section */
		82991EE11C90B1D40015F28B /* PetAgeCaculator */ = {
			isa = PBXNativeTarget;
			buildConfigurationList = 82991EF41C90B1D40015F28B /* Build configuration list for PBXNativeTarget "PetAgeCaculator" */;
			buildPhases = (
				82991EDE1C90B1D40015F28B /* Sources */,
				82991EDF1C90B1D40015F28B /* Frameworks */,
				82991EE01C90B1D40015F28B /* Resources */,
			);
			buildRules = (
			);
			dependencies = (
			);
			name = PetAgeCaculator;
			productName = PetAgeCaculator;
			productReference = 82991EE21C90B1D40015F28B /* PetAgeCaculator.app */;
			productType = "com.apple.product-type.application";
		};
/* End PBXNativeTarget section */

/* Begin PBXProject section */
		82991EDA1C90B1D40015F28B /* Project object */ = {
			isa = PBXProject;
			attributes = {
				LastSwiftUpdateCheck = 0720;
				LastUpgradeCheck = 0720;
				ORGANIZATIONNAME = Hsinhan;
				TargetAttributes = {
					82991EE11C90B1D40015F28B = {
						CreatedOnToolsVersion = 7.2.1;
					};
				};
			};
			buildConfigurationList = 82991EDD1C90B1D40015F28B /* Build configuration list for PBXProject "PetAgeCaculator" */;
			compatibilityVersion = "Xcode 3.2";
			developmentRegion = English;
			hasScannedForEncodings = 0;
			knownRegions = (
				en,
				Base,
			);
			mainGroup = 82991ED91C90B1D40015F28B;
			productRefGroup = 82991EE31C90B1D40015F28B /* Products */;
			projectDirPath = "";
			projectRoot = "";
			targets = (
				82991EE11C90B1D40015F28B /* PetAgeCaculator */,
			);
		};
/* End PBXProject section */

/* Begin PBXResourcesBuildPhase section */
		82991EE01C90B1D40015F28B /* Resources */ = {
			isa = PBXResourcesBuildPhase;
			buildActionMask = 2147483647;
			files = (
				82991EF01C90B1D40015F28B /* LaunchScreen.storyboard in Resources */,
				82991EED1C90B1D40015F28B /* Assets.xcassets in Resources */,
				82991EEB1C90B1D40015F28B /* Main.storyboard in Resources */,
			);
			runOnlyForDeploymentPostprocessing = 0;
		};
/* End PBXResourcesBuildPhase section */

/* Begin PBXSourcesBuildPhase section */
		82991EDE1C90B1D40015F28B /* Sources */ = {
			isa = PBXSourcesBuildPhase;
			buildActionMask = 2147483647;
			files = (
				82991EE81C90B1D40015F28B /* ViewController.swift in Sources */,
				82991EE61C90B1D40015F28B /* AppDelegate.swift in Sources */,
			);
			runOnlyForDeploymentPostprocessing = 0;
		};
/* End PBXSourcesBuildPhase section */

/* Begin PBXVariantGroup section */
		82991EE91C90B1D40015F28B /* Main.storyboard */ = {
			isa = PBXVariantGroup;
			children = (
				82991EEA1C90B1D40015F28B /* Base */,
			);
			name = Main.storyboard;
			sourceTree = "<group>";
		};
		82991EEE1C90B1D40015F28B /* LaunchScreen.storyboard */ = {
			isa = PBXVariantGroup;
			children = (
				82991EEF1C90B1D40015F28B /* Base */,
			);
			name = LaunchScreen.storyboard;
			sourceTree = "<group>";
		};
/* End PBXVariantGroup section */

/* Begin XCBuildConfiguration section */
		82991EF21C90B1D40015F28B /* Debug */ = {
			isa = XCBuildConfiguration;
			buildSettings = {
				ALWAYS_SEARCH_USER_PATHS = NO;
				CLANG_CXX_LANGUAGE_STANDARD = "gnu++0x";
				CLANG_CXX_LIBRARY = "libc++";
				CLANG_ENABLE_MODULES = YES;
				CLANG_ENABLE_OBJC_ARC = YES;
				CLANG_WARN_BOOL_CONVERSION = YES;
				CLANG_WARN_CONSTANT_CONVERSION = YES;
				CLANG_WARN_DIRECT_OBJC_ISA_USAGE = YES_ERROR;
				CLANG_WARN_EMPTY_BODY = YES;
				CLANG_WARN_ENUM_CONVERSION = YES;
				CLANG_WARN_INT_CONVERSION = YES;
				CLANG_WARN_OBJC_ROOT_CLASS = YES_ERROR;
				CLANG_WARN_UNREACHABLE_CODE = YES;
				CLANG_WARN__DUPLICATE_METHOD_MATCH = YES;
				"CODE_SIGN_IDENTITY[sdk=iphoneos*]" = "iPhone Developer";
				COPY_PHASE_STRIP = NO;
				DEBUG_INFORMATION_FORMAT = dwarf;
				ENABLE_STRICT_OBJC_MSGSEND = YES;
				ENABLE_TESTABILITY = YES;
				GCC_C_LANGUAGE_STANDARD = gnu99;
				GCC_DYNAMIC_NO_PIC = NO;
				GCC_NO_COMMON_BLOCKS = YES;
				GCC_OPTIMIZATION_LEVEL = 0;
				GCC_PREPROCESSOR_DEFINITIONS = (
					"DEBUG=1",
					"$(inherited)",
				);
				GCC_WARN_64_TO_32_BIT_CONVERSION = YES;
				GCC_WARN_ABOUT_RETURN_TYPE = YES_ERROR;
				GCC_WARN_UNDECLARED_SELECTOR = YES;
				GCC_WARN_UNINITIALIZED_AUTOS = YES_AGGRESSIVE;
				GCC_WARN_UNUSED_FUNCTION = YES;
				GCC_WARN_UNUSED_VARIABLE = YES;
				IPHONEOS_DEPLOYMENT_TARGET = 9.2;
				MTL_ENABLE_DEBUG_INFO = YES;
				ONLY_ACTIVE_ARCH = YES;
				SDKROOT = iphoneos;
				SWIFT_OPTIMIZATION_LEVEL = "-Onone";
			};
			name = Debug;
		};
		82991EF31C90B1D40015F28B /* Release */ = {
			isa = XCBuildConfiguration;
			buildSettings = {
				ALWAYS_SEARCH_USER_PATHS = NO;
				CLANG_CXX_LANGUAGE_STANDARD = "gnu++0x";
				CLANG_CXX_LIBRARY = "libc++";
				CLANG_ENABLE_MODULES = YES;
				CLANG_ENABLE_OBJC_ARC = YES;
				CLANG_WARN_BOOL_CONVERSION = YES;
				CLANG_WARN_CONSTANT_CONVERSION = YES;
				CLANG_WARN_DIRECT_OBJC_ISA_USAGE = YES_ERROR;
				CLANG_WARN_EMPTY_BODY = YES;
				CLANG_WARN_ENUM_CONVERSION = YES;
				CLANG_WARN_INT_CONVERSION = YES;
				CLANG_WARN_OBJC_ROOT_CLASS = YES_ERROR;
				CLANG_WARN_UNREACHABLE_CODE = YES;
				CLANG_WARN__DUPLICATE_METHOD_MATCH = YES;
				"CODE_SIGN_IDENTITY[sdk=iphoneos*]" = "iPhone Developer";
				COPY_PHASE_STRIP = NO;
				DEBUG_INFORMATION_FORMAT = "dwarf-with-dsym";
				ENABLE_NS_ASSERTIONS = NO;
				ENABLE_STRICT_OBJC_MSGSEND = YES;
				GCC_C_LANGUAGE_STANDARD = gnu99;
				GCC_NO_COMMON_BLOCKS = YES;
				GCC_WARN_64_TO_32_BIT_CONVERSION = YES;
				GCC_WARN_ABOUT_RETURN_TYPE = YES_ERROR;
				GCC_WARN_UNDECLARED_SELECTOR = YES;
				GCC_WARN_UNINITIALIZED_AUTOS = YES_AGGRESSIVE;
				GCC_WARN_UNUSED_FUNCTION = YES;
				GCC_WARN_UNUSED_VARIABLE = YES;
				IPHONEOS_DEPLOYMENT_TARGET = 9.2;
				MTL_ENABLE_DEBUG_INFO = NO;
				SDKROOT = iphoneos;
				VALIDATE_PRODUCT = YES;
			};
			name = Release;
		};
		82991EF51C90B1D40015F28B /* Debug */ = {
			isa = XCBuildConfiguration;
			buildSettings = {
				ASSETCATALOG_COMPILER_APPICON_NAME = AppIcon;
				INFOPLIST_FILE = PetAgeCaculator/Info.plist;
				LD_RUNPATH_SEARCH_PATHS = "$(inherited) @executable_path/Frameworks";
				PRODUCT_BUNDLE_IDENTIFIER = coolApp.PetAgeCaculator;
				PRODUCT_NAME = "$(TARGET_NAME)";
			};
			name = Debug;
		};
		82991EF61C90B1D40015F28B /* Release */ = {
			isa = XCBuildConfiguration;
			buildSettings = {
				ASSETCATALOG_COMPILER_APPICON_NAME = AppIcon;
				INFOPLIST_FILE = PetAgeCaculator/Info.plist;
				LD_RUNPATH_SEARCH_PATHS = "$(inherited) @executable_path/Frameworks";
				PRODUCT_BUNDLE_IDENTIFIER = coolApp.PetAgeCaculator;
				PRODUCT_NAME = "$(TARGET_NAME)";
			};
			name = Release;
		};
/* End XCBuildConfiguration section */

/* Begin XCConfigurationList section */
		82991EDD1C90B1D40015F28B /* Build configuration list for PBXProject "PetAgeCaculator" */ = {
			isa = XCConfigurationList;
			buildConfigurations = (
				82991EF21C90B1D40015F28B /* Debug */,
				82991EF31C90B1D40015F28B /* Release */,
			);
			defaultConfigurationIsVisible = 0;
			defaultConfigurationName = Release;
		};
		82991EF41C90B1D40015F28B /* Build configuration list for PBXNativeTarget "PetAgeCaculator" */ = {
			isa = XCConfigurationList;
			buildConfigurations = (
				82991EF51C90B1D40015F28B /* Debug */,
				82991EF61C90B1D40015F28B /* Release */,
			);
			defaultConfigurationIsVisible = 0;
		};
/* End XCConfigurationList section */
	};
	rootObject = 82991EDA1C90B1D40015F28B /* Project object */;
}
